
Microsoft Visual Studio Solution File, Format Version 12.00
# Visual Studio Version 16
VisualStudioVersion = 16.0.29025.244
MinimumVisualStudioVersion = 10.0.40219.1
Project("{FAE04EC0-301F-11D3-BF4B-00C04F79EFBC}") = "TelegramBaseTest", "TelegramBaseTest\TelegramBaseTest.csproj", "{5817184C-0D59-4924-AC6C-6B943967811C}"
EndProject
Project("{FAE04EC0-301F-11D3-BF4B-00C04F79EFBC}") = "TelegramBotBase", "TelegramBotBase\TelegramBotBase.csproj", "{A61EDA27-CFDF-4BCB-B2D6-184F94904F2D}"
EndProject
Project("{2150E333-8FDC-42A3-9474-1A3956D46DE8}") = "Solution Items", "Solution Items", "{E9AE1280-C1F3-4960-9D3D-D4F25142E838}"
	ProjectSection(SolutionItems) = preProject
		README.md = README.md
	EndProjectSection
EndProject
Project("{2150E333-8FDC-42A3-9474-1A3956D46DE8}") = "images", "images", "{AF4C8238-A0F0-41AC-8C0A-33E143AEBFCD}"
	ProjectSection(SolutionItems) = preProject
		images\alertdialog.PNG = images\alertdialog.PNG
		images\calendarpicker.gif = images\calendarpicker.gif
		images\calendarpicker.PNG = images\calendarpicker.PNG
		images\example1.PNG = images\example1.PNG
		images\example2.PNG = images\example2.PNG
		images\example3.PNG = images\example3.PNG
		images\example4.1.PNG = images\example4.1.PNG
		images\example4.2.PNG = images\example4.2.PNG
		images\example4.3.PNG = images\example4.3.PNG
		images\example4.4.PNG = images\example4.4.PNG
		images\monthpicker1.PNG = images\monthpicker1.PNG
		images\monthpicker2.PNG = images\monthpicker2.PNG
		images\progressbar.PNG = images\progressbar.PNG
		images\promptdialog.PNG = images\promptdialog.PNG
		images\togglebutton.gif = images\togglebutton.gif
		images\treeview1.PNG = images\treeview1.PNG
		images\treeview2.PNG = images\treeview2.PNG
		images\treeview3.PNG = images\treeview3.PNG
		images\treeview4.PNG = images\treeview4.PNG
	EndProjectSection
EndProject
Global
	GlobalSection(SolutionConfigurationPlatforms) = preSolution
		Debug|Any CPU = Debug|Any CPU
		Release|Any CPU = Release|Any CPU
	EndGlobalSection
	GlobalSection(ProjectConfigurationPlatforms) = postSolution
		{5817184C-0D59-4924-AC6C-6B943967811C}.Debug|Any CPU.ActiveCfg = Debug|Any CPU
		{5817184C-0D59-4924-AC6C-6B943967811C}.Debug|Any CPU.Build.0 = Debug|Any CPU
		{5817184C-0D59-4924-AC6C-6B943967811C}.Release|Any CPU.ActiveCfg = Release|Any CPU
		{5817184C-0D59-4924-AC6C-6B943967811C}.Release|Any CPU.Build.0 = Release|Any CPU
		{A61EDA27-CFDF-4BCB-B2D6-184F94904F2D}.Debug|Any CPU.ActiveCfg = Debug|Any CPU
		{A61EDA27-CFDF-4BCB-B2D6-184F94904F2D}.Debug|Any CPU.Build.0 = Debug|Any CPU
		{A61EDA27-CFDF-4BCB-B2D6-184F94904F2D}.Release|Any CPU.ActiveCfg = Release|Any CPU
		{A61EDA27-CFDF-4BCB-B2D6-184F94904F2D}.Release|Any CPU.Build.0 = Release|Any CPU
	EndGlobalSection
	GlobalSection(SolutionProperties) = preSolution
		HideSolutionNode = FALSE
	EndGlobalSection
	GlobalSection(NestedProjects) = preSolution
		{AF4C8238-A0F0-41AC-8C0A-33E143AEBFCD} = {E9AE1280-C1F3-4960-9D3D-D4F25142E838}
	EndGlobalSection
	GlobalSection(ExtensibilityGlobals) = postSolution
		SolutionGuid = {4245F162-E263-45E0-A16A-ED5F411A4AFC}
	EndGlobalSection
EndGlobal
