
Microsoft Visual Studio Solution File, Format Version 12.00
# Visual Studio Version 16
VisualStudioVersion = 16.0.29324.140
MinimumVisualStudioVersion = 10.0.40219.1
Project("{9A19103F-16F7-4668-BE54-9A1E7A4F7556}") = "TelegramBotBase", "TelegramBotBase\TelegramBotBase.csproj", "{0BD16FB9-7ED4-4CCB-83EB-5CEE538E1B6C}"
EndProject
Project("{9A19103F-16F7-4668-BE54-9A1E7A4F7556}") = "TelegramBaseTest", "TelegramBaseTest\TelegramBaseTest.csproj", "{9BBFA9F7-64A7-4D7D-86FC-812E6D7578B8}"
EndProject
Global
	GlobalSection(SolutionConfigurationPlatforms) = preSolution
		Debug|Any CPU = Debug|Any CPU
		Release|Any CPU = Release|Any CPU
	EndGlobalSection
	GlobalSection(ProjectConfigurationPlatforms) = postSolution
		{0BD16FB9-7ED4-4CCB-83EB-5CEE538E1B6C}.Debug|Any CPU.ActiveCfg = Debug|Any CPU
		{0BD16FB9-7ED4-4CCB-83EB-5CEE538E1B6C}.Debug|Any CPU.Build.0 = Debug|Any CPU
		{0BD16FB9-7ED4-4CCB-83EB-5CEE538E1B6C}.Release|Any CPU.ActiveCfg = Release|Any CPU
		{0BD16FB9-7ED4-4CCB-83EB-5CEE538E1B6C}.Release|Any CPU.Build.0 = Release|Any CPU
		{9BBFA9F7-64A7-4D7D-86FC-812E6D7578B8}.Debug|Any CPU.ActiveCfg = Debug|Any CPU
		{9BBFA9F7-64A7-4D7D-86FC-812E6D7578B8}.Debug|Any CPU.Build.0 = Debug|Any CPU
		{9BBFA9F7-64A7-4D7D-86FC-812E6D7578B8}.Release|Any CPU.ActiveCfg = Release|Any CPU
		{9BBFA9F7-64A7-4D7D-86FC-812E6D7578B8}.Release|Any CPU.Build.0 = Release|Any CPU
	EndGlobalSection
	GlobalSection(SolutionProperties) = preSolution
		HideSolutionNode = FALSE
	EndGlobalSection
	GlobalSection(ExtensibilityGlobals) = postSolution
		SolutionGuid = {59CB40E1-9FA7-4867-A56F-4F418286F057}
	EndGlobalSection
EndGlobal
