
Microsoft Visual Studio Solution File, Format Version 12.00
# Visual Studio Version 17
VisualStudioVersion = 17.0.31912.275
MinimumVisualStudioVersion = 10.0.40219.1
Project("{9A19103F-16F7-4668-BE54-9A1E7A4F7556}") = "TelegramBotBase", "TelegramBotBase\TelegramBotBase.csproj", "{0BD16FB9-7ED4-4CCB-83EB-5CEE538E1B6C}"
EndProject
Project("{9A19103F-16F7-4668-BE54-9A1E7A4F7556}") = "TelegramBotBase.Example", "TelegramBotBase.Test\TelegramBotBase.Example.csproj", "{88EC0E02-583D-4B9D-956C-81D63C8CFCFA}"
EndProject
Project("{2150E333-8FDC-42A3-9474-1A3956D46DE8}") = "Solution Items", "Solution Items", "{3856B3FB-63E3-444A-9FF0-34171BE7AC5D}"
	ProjectSection(SolutionItems) = preProject
		README.md = README.md
	EndProjectSection
EndProject
Project("{2150E333-8FDC-42A3-9474-1A3956D46DE8}") = "Examples", "Examples", "{BFA71E3F-31C0-4FC1-A320-4DCF704768C5}"
EndProject
Project("{9A19103F-16F7-4668-BE54-9A1E7A4F7556}") = "SystemCommandsBot", "Examples\SystemCommandsBot\SystemCommandsBot.csproj", "{FC484952-3060-4F87-9809-4CD66D6961C0}"
EndProject
Project("{9A19103F-16F7-4668-BE54-9A1E7A4F7556}") = "JoinHiderBot", "Examples\JoinHiderBot\JoinHiderBot.csproj", "{E804B9E5-7ACC-49D3-9253-806766C1D9A5}"
EndProject
Project("{9A19103F-16F7-4668-BE54-9A1E7A4F7556}") = "TelegramBotBase.Extensions.Images", "TelegramBotBase.Extensions.Images\TelegramBotBase.Extensions.Images.csproj", "{B5DDFA45-0E01-46A5-B67D-541300CDD606}"
EndProject
Project("{9A19103F-16F7-4668-BE54-9A1E7A4F7556}") = "AsyncFormUpdates", "Examples\AsyncFormUpdates\AsyncFormUpdates.csproj", "{673A56F5-6110-4AED-A68D-562FD6ED3EA6}"
EndProject
Project("{2150E333-8FDC-42A3-9474-1A3956D46DE8}") = "Extensions", "Extensions", "{E3193182-6FDA-4FA3-AD26-A487291E7681}"
EndProject
Project("{9A19103F-16F7-4668-BE54-9A1E7A4F7556}") = "TelegramBotBase.Extensions.Serializer.Database.MSSQL", "TelegramBotBase.Extensions.Serializer.Database.MSSQL\TelegramBotBase.Extensions.Serializer.Database.MSSQL.csproj", "{889B170E-32E9-4F26-BB04-8D06EA367857}"
EndProject
Project("{9A19103F-16F7-4668-BE54-9A1E7A4F7556}") = "EFCoreBot", "Examples\EFCoreBot\EFCoreBot.csproj", "{261BED47-0404-4A9A-86FC-047DE42A7D25}"
EndProject
Project("{9A19103F-16F7-4668-BE54-9A1E7A4F7556}") = "BotAndWebApplication", "Examples\BotAndWebApplication\BotAndWebApplication.csproj", "{52EA3201-02E8-46F5-87C4-B4752C8A815C}"
EndProject
Project("{9A19103F-16F7-4668-BE54-9A1E7A4F7556}") = "InlineAndReplyCombination", "Examples\InlineAndReplyCombination\InlineAndReplyCombination.csproj", "{067E8EBE-F90A-4AFF-A0FF-20578216486E}"
EndProject
Project("{9A19103F-16F7-4668-BE54-9A1E7A4F7556}") = "DependencyInjection", "Examples\DependencyInjection\DependencyInjection.csproj", "{689B16BC-200E-4C68-BB2E-8B209070849B}"
EndProject
Project("{9A19103F-16F7-4668-BE54-9A1E7A4F7556}") = "TelegramBotBase.Extensions.Serializer.Database.PostgreSql", "TelegramBotBase.Extensions.Serializer.Database.PostgreSql\TelegramBotBase.Extensions.Serializer.Database.PostgreSql.csproj", "{7C55D9FF-7DC1-41D0-809C-469EBFA20992}"
EndProject
Project("{9A19103F-16F7-4668-BE54-9A1E7A4F7556}") = "TelegramBotBase.Extensions.Images.IronSoftware", "TelegramBotBase.Extensions.Images.IronSoftware\TelegramBotBase.Extensions.Images.IronSoftware.csproj", "{DC521A4C-7446-46F7-845B-AAF10EDCF8C6}"
EndProject
Global
	GlobalSection(SolutionConfigurationPlatforms) = preSolution
		Debug|Any CPU = Debug|Any CPU
		Release|Any CPU = Release|Any CPU
	EndGlobalSection
	GlobalSection(ProjectConfigurationPlatforms) = postSolution
		{0BD16FB9-7ED4-4CCB-83EB-5CEE538E1B6C}.Debug|Any CPU.ActiveCfg = Debug|Any CPU
		{0BD16FB9-7ED4-4CCB-83EB-5CEE538E1B6C}.Debug|Any CPU.Build.0 = Debug|Any CPU
		{0BD16FB9-7ED4-4CCB-83EB-5CEE538E1B6C}.Release|Any CPU.ActiveCfg = Release|Any CPU
		{0BD16FB9-7ED4-4CCB-83EB-5CEE538E1B6C}.Release|Any CPU.Build.0 = Release|Any CPU
		{88EC0E02-583D-4B9D-956C-81D63C8CFCFA}.Debug|Any CPU.ActiveCfg = Debug|Any CPU
		{88EC0E02-583D-4B9D-956C-81D63C8CFCFA}.Debug|Any CPU.Build.0 = Debug|Any CPU
		{88EC0E02-583D-4B9D-956C-81D63C8CFCFA}.Release|Any CPU.ActiveCfg = Release|Any CPU
		{88EC0E02-583D-4B9D-956C-81D63C8CFCFA}.Release|Any CPU.Build.0 = Release|Any CPU
		{FC484952-3060-4F87-9809-4CD66D6961C0}.Debug|Any CPU.ActiveCfg = Debug|Any CPU
		{FC484952-3060-4F87-9809-4CD66D6961C0}.Debug|Any CPU.Build.0 = Debug|Any CPU
		{FC484952-3060-4F87-9809-4CD66D6961C0}.Release|Any CPU.ActiveCfg = Release|Any CPU
		{FC484952-3060-4F87-9809-4CD66D6961C0}.Release|Any CPU.Build.0 = Release|Any CPU
		{E804B9E5-7ACC-49D3-9253-806766C1D9A5}.Debug|Any CPU.ActiveCfg = Debug|Any CPU
		{E804B9E5-7ACC-49D3-9253-806766C1D9A5}.Debug|Any CPU.Build.0 = Debug|Any CPU
		{E804B9E5-7ACC-49D3-9253-806766C1D9A5}.Release|Any CPU.ActiveCfg = Release|Any CPU
		{E804B9E5-7ACC-49D3-9253-806766C1D9A5}.Release|Any CPU.Build.0 = Release|Any CPU
		{B5DDFA45-0E01-46A5-B67D-541300CDD606}.Debug|Any CPU.ActiveCfg = Debug|Any CPU
		{B5DDFA45-0E01-46A5-B67D-541300CDD606}.Debug|Any CPU.Build.0 = Debug|Any CPU
		{B5DDFA45-0E01-46A5-B67D-541300CDD606}.Release|Any CPU.ActiveCfg = Release|Any CPU
		{B5DDFA45-0E01-46A5-B67D-541300CDD606}.Release|Any CPU.Build.0 = Release|Any CPU
		{673A56F5-6110-4AED-A68D-562FD6ED3EA6}.Debug|Any CPU.ActiveCfg = Debug|Any CPU
		{673A56F5-6110-4AED-A68D-562FD6ED3EA6}.Debug|Any CPU.Build.0 = Debug|Any CPU
		{673A56F5-6110-4AED-A68D-562FD6ED3EA6}.Release|Any CPU.ActiveCfg = Release|Any CPU
		{673A56F5-6110-4AED-A68D-562FD6ED3EA6}.Release|Any CPU.Build.0 = Release|Any CPU
		{889B170E-32E9-4F26-BB04-8D06EA367857}.Debug|Any CPU.ActiveCfg = Debug|Any CPU
		{889B170E-32E9-4F26-BB04-8D06EA367857}.Debug|Any CPU.Build.0 = Debug|Any CPU
		{889B170E-32E9-4F26-BB04-8D06EA367857}.Release|Any CPU.ActiveCfg = Release|Any CPU
		{889B170E-32E9-4F26-BB04-8D06EA367857}.Release|Any CPU.Build.0 = Release|Any CPU
		{261BED47-0404-4A9A-86FC-047DE42A7D25}.Debug|Any CPU.ActiveCfg = Debug|Any CPU
		{261BED47-0404-4A9A-86FC-047DE42A7D25}.Debug|Any CPU.Build.0 = Debug|Any CPU
		{261BED47-0404-4A9A-86FC-047DE42A7D25}.Release|Any CPU.ActiveCfg = Release|Any CPU
		{261BED47-0404-4A9A-86FC-047DE42A7D25}.Release|Any CPU.Build.0 = Release|Any CPU
		{52EA3201-02E8-46F5-87C4-B4752C8A815C}.Debug|Any CPU.ActiveCfg = Debug|Any CPU
		{52EA3201-02E8-46F5-87C4-B4752C8A815C}.Debug|Any CPU.Build.0 = Debug|Any CPU
		{52EA3201-02E8-46F5-87C4-B4752C8A815C}.Release|Any CPU.ActiveCfg = Release|Any CPU
		{52EA3201-02E8-46F5-87C4-B4752C8A815C}.Release|Any CPU.Build.0 = Release|Any CPU
		{067E8EBE-F90A-4AFF-A0FF-20578216486E}.Debug|Any CPU.ActiveCfg = Debug|Any CPU
		{067E8EBE-F90A-4AFF-A0FF-20578216486E}.Debug|Any CPU.Build.0 = Debug|Any CPU
		{067E8EBE-F90A-4AFF-A0FF-20578216486E}.Release|Any CPU.ActiveCfg = Release|Any CPU
		{067E8EBE-F90A-4AFF-A0FF-20578216486E}.Release|Any CPU.Build.0 = Release|Any CPU
		{689B16BC-200E-4C68-BB2E-8B209070849B}.Debug|Any CPU.ActiveCfg = Debug|Any CPU
		{689B16BC-200E-4C68-BB2E-8B209070849B}.Debug|Any CPU.Build.0 = Debug|Any CPU
		{689B16BC-200E-4C68-BB2E-8B209070849B}.Release|Any CPU.ActiveCfg = Release|Any CPU
		{689B16BC-200E-4C68-BB2E-8B209070849B}.Release|Any CPU.Build.0 = Release|Any CPU
		{7C55D9FF-7DC1-41D0-809C-469EBFA20992}.Debug|Any CPU.ActiveCfg = Debug|Any CPU
		{7C55D9FF-7DC1-41D0-809C-469EBFA20992}.Debug|Any CPU.Build.0 = Debug|Any CPU
		{7C55D9FF-7DC1-41D0-809C-469EBFA20992}.Release|Any CPU.ActiveCfg = Release|Any CPU
		{7C55D9FF-7DC1-41D0-809C-469EBFA20992}.Release|Any CPU.Build.0 = Release|Any CPU
		{DC521A4C-7446-46F7-845B-AAF10EDCF8C6}.Debug|Any CPU.ActiveCfg = Debug|Any CPU
		{DC521A4C-7446-46F7-845B-AAF10EDCF8C6}.Debug|Any CPU.Build.0 = Debug|Any CPU
		{DC521A4C-7446-46F7-845B-AAF10EDCF8C6}.Release|Any CPU.ActiveCfg = Release|Any CPU
		{DC521A4C-7446-46F7-845B-AAF10EDCF8C6}.Release|Any CPU.Build.0 = Release|Any CPU
	EndGlobalSection
	GlobalSection(SolutionProperties) = preSolution
		HideSolutionNode = FALSE
	EndGlobalSection
	GlobalSection(NestedProjects) = preSolution
		{FC484952-3060-4F87-9809-4CD66D6961C0} = {BFA71E3F-31C0-4FC1-A320-4DCF704768C5}
		{E804B9E5-7ACC-49D3-9253-806766C1D9A5} = {BFA71E3F-31C0-4FC1-A320-4DCF704768C5}
		{B5DDFA45-0E01-46A5-B67D-541300CDD606} = {E3193182-6FDA-4FA3-AD26-A487291E7681}
		{673A56F5-6110-4AED-A68D-562FD6ED3EA6} = {BFA71E3F-31C0-4FC1-A320-4DCF704768C5}
		{889B170E-32E9-4F26-BB04-8D06EA367857} = {E3193182-6FDA-4FA3-AD26-A487291E7681}
		{261BED47-0404-4A9A-86FC-047DE42A7D25} = {BFA71E3F-31C0-4FC1-A320-4DCF704768C5}
		{52EA3201-02E8-46F5-87C4-B4752C8A815C} = {BFA71E3F-31C0-4FC1-A320-4DCF704768C5}
		{067E8EBE-F90A-4AFF-A0FF-20578216486E} = {BFA71E3F-31C0-4FC1-A320-4DCF704768C5}
		{689B16BC-200E-4C68-BB2E-8B209070849B} = {BFA71E3F-31C0-4FC1-A320-4DCF704768C5}
		{7C55D9FF-7DC1-41D0-809C-469EBFA20992} = {E3193182-6FDA-4FA3-AD26-A487291E7681}
		{DC521A4C-7446-46F7-845B-AAF10EDCF8C6} = {E3193182-6FDA-4FA3-AD26-A487291E7681}
	EndGlobalSection
	GlobalSection(ExtensibilityGlobals) = postSolution
		SolutionGuid = {59CB40E1-9FA7-4867-A56F-4F418286F057}
	EndGlobalSection
EndGlobal
